
Microsoft Visual Studio Solution File, Format Version 12.00
# Visual Studio Version 17
VisualStudioVersion = 17.13.36105.23
MinimumVisualStudioVersion = 10.0.40219.1
Project("{FAE04EC0-301F-11D3-BF4B-00C04F79EFBC}") = "DevHobby.AINet.PartOne.StoringSecrets", "DevHobby.AINet.PartOne.StoringSecrets\DevHobby.AINet.PartOne.StoringSecrets.csproj", "{2B4767F3-5CAD-4BF1-A9F3-170260AC7C81}"
EndProject
Project("{FAE04EC0-301F-11D3-BF4B-00C04F79EFBC}") = "DevHobby.AINet.UseOpenAI", "DevHobby.AINet.UseOpenAI\DevHobby.AINet.UseOpenAI.csproj", "{8B9CAE4F-4FD0-4E56-28C5-338EDBAB13BB}"
EndProject
Global
	GlobalSection(SolutionConfigurationPlatforms) = preSolution
		Debug|Any CPU = Debug|Any CPU
		Release|Any CPU = Release|Any CPU
	EndGlobalSection
	GlobalSection(ProjectConfigurationPlatforms) = postSolution
		{2B4767F3-5CAD-4BF1-A9F3-170260AC7C81}.Debug|Any CPU.ActiveCfg = Debug|Any CPU
		{2B4767F3-5CAD-4BF1-A9F3-170260AC7C81}.Debug|Any CPU.Build.0 = Debug|Any CPU
		{2B4767F3-5CAD-4BF1-A9F3-170260AC7C81}.Release|Any CPU.ActiveCfg = Release|Any CPU
		{2B4767F3-5CAD-4BF1-A9F3-170260AC7C81}.Release|Any CPU.Build.0 = Release|Any CPU
		{8B9CAE4F-4FD0-4E56-28C5-338EDBAB13BB}.Debug|Any CPU.ActiveCfg = Debug|Any CPU
		{8B9CAE4F-4FD0-4E56-28C5-338EDBAB13BB}.Debug|Any CPU.Build.0 = Debug|Any CPU
		{8B9CAE4F-4FD0-4E56-28C5-338EDBAB13BB}.Release|Any CPU.ActiveCfg = Release|Any CPU
		{8B9CAE4F-4FD0-4E56-28C5-338EDBAB13BB}.Release|Any CPU.Build.0 = Release|Any CPU
	EndGlobalSection
	GlobalSection(SolutionProperties) = preSolution
		HideSolutionNode = FALSE
	EndGlobalSection
	GlobalSection(ExtensibilityGlobals) = postSolution
		SolutionGuid = {5AA1072C-623F-4067-B5B5-E40D0FE4AFD9}
	EndGlobalSection
EndGlobal
